// !$*UTF8*$!
{
	archiveVersion = 1;
	classes = {
	};
	objectVersion = 50;
	objects = {

/* Begin PBXBuildFile section */
		BEDF92A8266DE27200B40B30 /* settings_demoApp.swift in Sources */ = {isa = PBXBuildFile; fileRef = BEDF9295266DE27100B40B30 /* settings_demoApp.swift */; };
		BEDF92A9266DE27200B40B30 /* settings_demoApp.swift in Sources */ = {isa = PBXBuildFile; fileRef = BEDF9295266DE27100B40B30 /* settings_demoApp.swift */; };
		BEDF92AA266DE27200B40B30 /* ContentView.swift in Sources */ = {isa = PBXBuildFile; fileRef = BEDF9296266DE27100B40B30 /* ContentView.swift */; };
		BEDF92AB266DE27200B40B30 /* ContentView.swift in Sources */ = {isa = PBXBuildFile; fileRef = BEDF9296266DE27100B40B30 /* ContentView.swift */; };
		BEDF92AC266DE27200B40B30 /* Assets.xcassets in Resources */ = {isa = PBXBuildFile; fileRef = BEDF9297266DE27200B40B30 /* Assets.xcassets */; };
		BEDF92AD266DE27200B40B30 /* Assets.xcassets in Resources */ = {isa = PBXBuildFile; fileRef = BEDF9297266DE27200B40B30 /* Assets.xcassets */; };
		BEDF92B7266DE28E00B40B30 /* GeneralSettingsView.swift in Sources */ = {isa = PBXBuildFile; fileRef = BEDF92B6266DE28E00B40B30 /* GeneralSettingsView.swift */; };
		BEDF92B8266DE28E00B40B30 /* GeneralSettingsView.swift in Sources */ = {isa = PBXBuildFile; fileRef = BEDF92B6266DE28E00B40B30 /* GeneralSettingsView.swift */; };
		BEDF92BA266DE31700B40B30 /* AdvancedSettingsView.swift in Sources */ = {isa = PBXBuildFile; fileRef = BEDF92B9266DE31700B40B30 /* AdvancedSettingsView.swift */; };
		BEDF92BB266DE31700B40B30 /* AdvancedSettingsView.swift in Sources */ = {isa = PBXBuildFile; fileRef = BEDF92B9266DE31700B40B30 /* AdvancedSettingsView.swift */; };
		BEDF92BD266DE32B00B40B30 /* SettingsView.swift in Sources */ = {isa = PBXBuildFile; fileRef = BEDF92BC266DE32B00B40B30 /* SettingsView.swift */; };
		BEDF92BE266DE32B00B40B30 /* SettingsView.swift in Sources */ = {isa = PBXBuildFile; fileRef = BEDF92BC266DE32B00B40B30 /* SettingsView.swift */; };
/* End PBXBuildFile section */

/* Begin PBXFileReference section */
		BEDF9295266DE27100B40B30 /* settings_demoApp.swift */ = {isa = PBXFileReference; lastKnownFileType = sourcecode.swift; path = settings_demoApp.swift; sourceTree = "<group>"; };
		BEDF9296266DE27100B40B30 /* ContentView.swift */ = {isa = PBXFileReference; lastKnownFileType = sourcecode.swift; path = ContentView.swift; sourceTree = "<group>"; };
		BEDF9297266DE27200B40B30 /* Assets.xcassets */ = {isa = PBXFileReference; lastKnownFileType = folder.assetcatalog; path = Assets.xcassets; sourceTree = "<group>"; };
		BEDF929C266DE27200B40B30 /* SettingsMacOSDemo.app */ = {isa = PBXFileReference; explicitFileType = wrapper.application; includeInIndex = 0; path = SettingsMacOSDemo.app; sourceTree = BUILT_PRODUCTS_DIR; };
		BEDF929F266DE27200B40B30 /* Info.plist */ = {isa = PBXFileReference; lastKnownFileType = text.plist.xml; path = Info.plist; sourceTree = "<group>"; };
		BEDF92A4266DE27200B40B30 /* SettingsMacOSDemo.app */ = {isa = PBXFileReference; explicitFileType = wrapper.application; includeInIndex = 0; path = SettingsMacOSDemo.app; sourceTree = BUILT_PRODUCTS_DIR; };
		BEDF92A6266DE27200B40B30 /* Info.plist */ = {isa = PBXFileReference; lastKnownFileType = text.plist.xml; path = Info.plist; sourceTree = "<group>"; };
		BEDF92A7266DE27200B40B30 /* macOS.entitlements */ = {isa = PBXFileReference; lastKnownFileType = text.plist.entitlements; path = macOS.entitlements; sourceTree = "<group>"; };
		BEDF92B6266DE28E00B40B30 /* GeneralSettingsView.swift */ = {isa = PBXFileReference; lastKnownFileType = sourcecode.swift; path = GeneralSettingsView.swift; sourceTree = "<group>"; };
		BEDF92B9266DE31700B40B30 /* AdvancedSettingsView.swift */ = {isa = PBXFileReference; lastKnownFileType = sourcecode.swift; path = AdvancedSettingsView.swift; sourceTree = "<group>"; };
		BEDF92BC266DE32B00B40B30 /* SettingsView.swift */ = {isa = PBXFileReference; lastKnownFileType = sourcecode.swift; path = SettingsView.swift; sourceTree = "<group>"; };
/* End PBXFileReference section */

/* Begin PBXFrameworksBuildPhase section */
		BEDF9299266DE27200B40B30 /* Frameworks */ = {
			isa = PBXFrameworksBuildPhase;
			buildActionMask = 2147483647;
			files = (
			);
			runOnlyForDeploymentPostprocessing = 0;
		};
		BEDF92A1266DE27200B40B30 /* Frameworks */ = {
			isa = PBXFrameworksBuildPhase;
			buildActionMask = 2147483647;
			files = (
			);
			runOnlyForDeploymentPostprocessing = 0;
		};
/* End PBXFrameworksBuildPhase section */

/* Begin PBXGroup section */
		BEDF928F266DE27000B40B30 = {
			isa = PBXGroup;
			children = (
				BEDF9294266DE27100B40B30 /* Shared */,
				BEDF929E266DE27200B40B30 /* iOS */,
				BEDF92A5266DE27200B40B30 /* macOS */,
				BEDF929D266DE27200B40B30 /* Products */,
			);
			sourceTree = "<group>";
		};
		BEDF9294266DE27100B40B30 /* Shared */ = {
			isa = PBXGroup;
			children = (
				BEDF9295266DE27100B40B30 /* settings_demoApp.swift */,
				BEDF92B9266DE31700B40B30 /* AdvancedSettingsView.swift */,
				BEDF92BC266DE32B00B40B30 /* SettingsView.swift */,
				BEDF9296266DE27100B40B30 /* ContentView.swift */,
				BEDF92B6266DE28E00B40B30 /* GeneralSettingsView.swift */,
				BEDF9297266DE27200B40B30 /* Assets.xcassets */,
			);
			path = Shared;
			sourceTree = "<group>";
		};
		BEDF929D266DE27200B40B30 /* Products */ = {
			isa = PBXGroup;
			children = (
				BEDF929C266DE27200B40B30 /* SettingsMacOSDemo.app */,
				BEDF92A4266DE27200B40B30 /* SettingsMacOSDemo.app */,
			);
			name = Products;
			sourceTree = "<group>";
		};
		BEDF929E266DE27200B40B30 /* iOS */ = {
			isa = PBXGroup;
			children = (
				BEDF929F266DE27200B40B30 /* Info.plist */,
			);
			path = iOS;
			sourceTree = "<group>";
		};
		BEDF92A5266DE27200B40B30 /* macOS */ = {
			isa = PBXGroup;
			children = (
				BEDF92A6266DE27200B40B30 /* Info.plist */,
				BEDF92A7266DE27200B40B30 /* macOS.entitlements */,
			);
			path = macOS;
			sourceTree = "<group>";
		};
/* End PBXGroup section */

/* Begin PBXNativeTarget section */
		BEDF929B266DE27200B40B30 /* SettingsMacOSDemo (iOS) */ = {
			isa = PBXNativeTarget;
			buildConfigurationList = BEDF92B0266DE27200B40B30 /* Build configuration list for PBXNativeTarget "SettingsMacOSDemo (iOS)" */;
			buildPhases = (
				BEDF9298266DE27200B40B30 /* Sources */,
				BEDF9299266DE27200B40B30 /* Frameworks */,
				BEDF929A266DE27200B40B30 /* Resources */,
			);
			buildRules = (
			);
			dependencies = (
			);
			name = "SettingsMacOSDemo (iOS)";
			productName = "settings-demo (iOS)";
			productReference = BEDF929C266DE27200B40B30 /* SettingsMacOSDemo.app */;
			productType = "com.apple.product-type.application";
		};
		BEDF92A3266DE27200B40B30 /* SettingsMacOSDemo (macOS) */ = {
			isa = PBXNativeTarget;
			buildConfigurationList = BEDF92B3266DE27200B40B30 /* Build configuration list for PBXNativeTarget "SettingsMacOSDemo (macOS)" */;
			buildPhases = (
				BEDF92A0266DE27200B40B30 /* Sources */,
				BEDF92A1266DE27200B40B30 /* Frameworks */,
				BEDF92A2266DE27200B40B30 /* Resources */,
			);
			buildRules = (
			);
			dependencies = (
			);
			name = "SettingsMacOSDemo (macOS)";
			productName = "settings-demo (macOS)";
			productReference = BEDF92A4266DE27200B40B30 /* SettingsMacOSDemo.app */;
			productType = "com.apple.product-type.application";
		};
/* End PBXNativeTarget section */

/* Begin PBXProject section */
		BEDF9290266DE27000B40B30 /* Project object */ = {
			isa = PBXProject;
			attributes = {
				LastSwiftUpdateCheck = 1250;
				LastUpgradeCheck = 1250;
				TargetAttributes = {
					BEDF929B266DE27200B40B30 = {
						CreatedOnToolsVersion = 12.5;
					};
					BEDF92A3266DE27200B40B30 = {
						CreatedOnToolsVersion = 12.5;
					};
				};
			};
			buildConfigurationList = BEDF9293266DE27000B40B30 /* Build configuration list for PBXProject "SettingsMacOSDemo" */;
			compatibilityVersion = "Xcode 9.3";
			developmentRegion = en;
			hasScannedForEncodings = 0;
			knownRegions = (
				en,
				Base,
			);
			mainGroup = BEDF928F266DE27000B40B30;
			productRefGroup = BEDF929D266DE27200B40B30 /* Products */;
			projectDirPath = "";
			projectRoot = "";
			targets = (
				BEDF929B266DE27200B40B30 /* SettingsMacOSDemo (iOS) */,
				BEDF92A3266DE27200B40B30 /* SettingsMacOSDemo (macOS) */,
			);
		};
/* End PBXProject section */

/* Begin PBXResourcesBuildPhase section */
		BEDF929A266DE27200B40B30 /* Resources */ = {
			isa = PBXResourcesBuildPhase;
			buildActionMask = 2147483647;
			files = (
				BEDF92AC266DE27200B40B30 /* Assets.xcassets in Resources */,
			);
			runOnlyForDeploymentPostprocessing = 0;
		};
		BEDF92A2266DE27200B40B30 /* Resources */ = {
			isa = PBXResourcesBuildPhase;
			buildActionMask = 2147483647;
			files = (
				BEDF92AD266DE27200B40B30 /* Assets.xcassets in Resources */,
			);
			runOnlyForDeploymentPostprocessing = 0;
		};
/* End PBXResourcesBuildPhase section */

/* Begin PBXSourcesBuildPhase section */
		BEDF9298266DE27200B40B30 /* Sources */ = {
			isa = PBXSourcesBuildPhase;
			buildActionMask = 2147483647;
			files = (
				BEDF92BD266DE32B00B40B30 /* SettingsView.swift in Sources */,
				BEDF92AA266DE27200B40B30 /* ContentView.swift in Sources */,
				BEDF92A8266DE27200B40B30 /* settings_demoApp.swift in Sources */,
				BEDF92B7266DE28E00B40B30 /* GeneralSettingsView.swift in Sources */,
				BEDF92BA266DE31700B40B30 /* AdvancedSettingsView.swift in Sources */,
			);
			runOnlyForDeploymentPostprocessing = 0;
		};
		BEDF92A0266DE27200B40B30 /* Sources */ = {
			isa = PBXSourcesBuildPhase;
			buildActionMask = 2147483647;
			files = (
				BEDF92BE266DE32B00B40B30 /* SettingsView.swift in Sources */,
				BEDF92AB266DE27200B40B30 /* ContentView.swift in Sources */,
				BEDF92A9266DE27200B40B30 /* settings_demoApp.swift in Sources */,
				BEDF92B8266DE28E00B40B30 /* GeneralSettingsView.swift in Sources */,
				BEDF92BB266DE31700B40B30 /* AdvancedSettingsView.swift in Sources */,
			);
			runOnlyForDeploymentPostprocessing = 0;
		};
/* End PBXSourcesBuildPhase section */

/* Begin XCBuildConfiguration section */
		BEDF92AE266DE27200B40B30 /* Debug */ = {
			isa = XCBuildConfiguration;
			buildSettings = {
				ALWAYS_SEARCH_USER_PATHS = NO;
				CLANG_ANALYZER_NONNULL = YES;
				CLANG_ANALYZER_NUMBER_OBJECT_CONVERSION = YES_AGGRESSIVE;
				CLANG_CXX_LANGUAGE_STANDARD = "gnu++14";
				CLANG_CXX_LIBRARY = "libc++";
				CLANG_ENABLE_MODULES = YES;
				CLANG_ENABLE_OBJC_ARC = YES;
				CLANG_ENABLE_OBJC_WEAK = YES;
				CLANG_WARN_BLOCK_CAPTURE_AUTORELEASING = YES;
				CLANG_WARN_BOOL_CONVERSION = YES;
				CLANG_WARN_COMMA = YES;
				CLANG_WARN_CONSTANT_CONVERSION = YES;
				CLANG_WARN_DEPRECATED_OBJC_IMPLEMENTATIONS = YES;
				CLANG_WARN_DIRECT_OBJC_ISA_USAGE = YES_ERROR;
				CLANG_WARN_DOCUMENTATION_COMMENTS = YES;
				CLANG_WARN_EMPTY_BODY = YES;
				CLANG_WARN_ENUM_CONVERSION = YES;
				CLANG_WARN_INFINITE_RECURSION = YES;
				CLANG_WARN_INT_CONVERSION = YES;
				CLANG_WARN_NON_LITERAL_NULL_CONVERSION = YES;
				CLANG_WARN_OBJC_IMPLICIT_RETAIN_SELF = YES;
				CLANG_WARN_OBJC_LITERAL_CONVERSION = YES;
				CLANG_WARN_OBJC_ROOT_CLASS = YES_ERROR;
				CLANG_WARN_QUOTED_INCLUDE_IN_FRAMEWORK_HEADER = YES;
				CLANG_WARN_RANGE_LOOP_ANALYSIS = YES;
				CLANG_WARN_STRICT_PROTOTYPES = YES;
				CLANG_WARN_SUSPICIOUS_MOVE = YES;
				CLANG_WARN_UNGUARDED_AVAILABILITY = YES_AGGRESSIVE;
				CLANG_WARN_UNREACHABLE_CODE = YES;
				CLANG_WARN__DUPLICATE_METHOD_MATCH = YES;
				COPY_PHASE_STRIP = NO;
				DEBUG_INFORMATION_FORMAT = dwarf;
				ENABLE_STRICT_OBJC_MSGSEND = YES;
				ENABLE_TESTABILITY = YES;
				GCC_C_LANGUAGE_STANDARD = gnu11;
				GCC_DYNAMIC_NO_PIC = NO;
				GCC_NO_COMMON_BLOCKS = YES;
				GCC_OPTIMIZATION_LEVEL = 0;
				GCC_PREPROCESSOR_DEFINITIONS = (
					"DEBUG=1",
					"$(inherited)",
				);
				GCC_WARN_64_TO_32_BIT_CONVERSION = YES;
				GCC_WARN_ABOUT_RETURN_TYPE = YES_ERROR;
				GCC_WARN_UNDECLARED_SELECTOR = YES;
				GCC_WARN_UNINITIALIZED_AUTOS = YES_AGGRESSIVE;
				GCC_WARN_UNUSED_FUNCTION = YES;
				GCC_WARN_UNUSED_VARIABLE = YES;
				MTL_ENABLE_DEBUG_INFO = INCLUDE_SOURCE;
				MTL_FAST_MATH = YES;
				ONLY_ACTIVE_ARCH = YES;
				SWIFT_ACTIVE_COMPILATION_CONDITIONS = DEBUG;
				SWIFT_OPTIMIZATION_LEVEL = "-Onone";
			};
			name = Debug;
		};
		BEDF92AF266DE27200B40B30 /* Release */ = {
			isa = XCBuildConfiguration;
			buildSettings = {
				ALWAYS_SEARCH_USER_PATHS = NO;
				CLANG_ANALYZER_NONNULL = YES;
				CLANG_ANALYZER_NUMBER_OBJECT_CONVERSION = YES_AGGRESSIVE;
				CLANG_CXX_LANGUAGE_STANDARD = "gnu++14";
				CLANG_CXX_LIBRARY = "libc++";
				CLANG_ENABLE_MODULES = YES;
				CLANG_ENABLE_OBJC_ARC = YES;
				CLANG_ENABLE_OBJC_WEAK = YES;
				CLANG_WARN_BLOCK_CAPTURE_AUTORELEASING = YES;
				CLANG_WARN_BOOL_CONVERSION = YES;
				CLANG_WARN_COMMA = YES;
				CLANG_WARN_CONSTANT_CONVERSION = YES;
				CLANG_WARN_DEPRECATED_OBJC_IMPLEMENTATIONS = YES;
				CLANG_WARN_DIRECT_OBJC_ISA_USAGE = YES_ERROR;
				CLANG_WARN_DOCUMENTATION_COMMENTS = YES;
				CLANG_WARN_EMPTY_BODY = YES;
				CLANG_WARN_ENUM_CONVERSION = YES;
				CLANG_WARN_INFINITE_RECURSION = YES;
				CLANG_WARN_INT_CONVERSION = YES;
				CLANG_WARN_NON_LITERAL_NULL_CONVERSION = YES;
				CLANG_WARN_OBJC_IMPLICIT_RETAIN_SELF = YES;
				CLANG_WARN_OBJC_LITERAL_CONVERSION = YES;
				CLANG_WARN_OBJC_ROOT_CLASS = YES_ERROR;
				CLANG_WARN_QUOTED_INCLUDE_IN_FRAMEWORK_HEADER = YES;
				CLANG_WARN_RANGE_LOOP_ANALYSIS = YES;
				CLANG_WARN_STRICT_PROTOTYPES = YES;
				CLANG_WARN_SUSPICIOUS_MOVE = YES;
				CLANG_WARN_UNGUARDED_AVAILABILITY = YES_AGGRESSIVE;
				CLANG_WARN_UNREACHABLE_CODE = YES;
				CLANG_WARN__DUPLICATE_METHOD_MATCH = YES;
				COPY_PHASE_STRIP = NO;
				DEBUG_INFORMATION_FORMAT = "dwarf-with-dsym";
				ENABLE_NS_ASSERTIONS = NO;
				ENABLE_STRICT_OBJC_MSGSEND = YES;
				GCC_C_LANGUAGE_STANDARD = gnu11;
				GCC_NO_COMMON_BLOCKS = YES;
				GCC_WARN_64_TO_32_BIT_CONVERSION = YES;
				GCC_WARN_ABOUT_RETURN_TYPE = YES_ERROR;
				GCC_WARN_UNDECLARED_SELECTOR = YES;
				GCC_WARN_UNINITIALIZED_AUTOS = YES_AGGRESSIVE;
				GCC_WARN_UNUSED_FUNCTION = YES;
				GCC_WARN_UNUSED_VARIABLE = YES;
				MTL_ENABLE_DEBUG_INFO = NO;
				MTL_FAST_MATH = YES;
				SWIFT_COMPILATION_MODE = wholemodule;
				SWIFT_OPTIMIZATION_LEVEL = "-O";
			};
			name = Release;
		};
		BEDF92B1266DE27200B40B30 /* Debug */ = {
			isa = XCBuildConfiguration;
			buildSettings = {
				ASSETCATALOG_COMPILER_APPICON_NAME = AppIcon;
				ASSETCATALOG_COMPILER_GLOBAL_ACCENT_COLOR_NAME = AccentColor;
				CODE_SIGN_STYLE = Automatic;
				DEVELOPMENT_TEAM = UAF5HBHXWW;
				ENABLE_PREVIEWS = YES;
				INFOPLIST_FILE = iOS/Info.plist;
				IPHONEOS_DEPLOYMENT_TARGET = 14.0;
				LD_RUNPATH_SEARCH_PATHS = (
					"$(inherited)",
					"@executable_path/Frameworks",
				);
				PRODUCT_BUNDLE_IDENTIFIER = "com.quonsepto.settings-demo";
				PRODUCT_NAME = SettingsMacOSDemo;
				SDKROOT = iphoneos;
				SWIFT_VERSION = 5.0;
				TARGETED_DEVICE_FAMILY = "1,2";
			};
			name = Debug;
		};
		BEDF92B2266DE27200B40B30 /* Release */ = {
			isa = XCBuildConfiguration;
			buildSettings = {
				ASSETCATALOG_COMPILER_APPICON_NAME = AppIcon;
				ASSETCATALOG_COMPILER_GLOBAL_ACCENT_COLOR_NAME = AccentColor;
				CODE_SIGN_STYLE = Automatic;
				DEVELOPMENT_TEAM = UAF5HBHXWW;
				ENABLE_PREVIEWS = YES;
				INFOPLIST_FILE = iOS/Info.plist;
				IPHONEOS_DEPLOYMENT_TARGET = 14.0;
				LD_RUNPATH_SEARCH_PATHS = (
					"$(inherited)",
					"@executable_path/Frameworks",
				);
				PRODUCT_BUNDLE_IDENTIFIER = "com.quonsepto.settings-demo";
				PRODUCT_NAME = SettingsMacOSDemo;
				SDKROOT = iphoneos;
				SWIFT_VERSION = 5.0;
				TARGETED_DEVICE_FAMILY = "1,2";
				VALIDATE_PRODUCT = YES;
			};
			name = Release;
		};
		BEDF92B4266DE27200B40B30 /* Debug */ = {
			isa = XCBuildConfiguration;
			buildSettings = {
				ASSETCATALOG_COMPILER_APPICON_NAME = AppIcon;
				ASSETCATALOG_COMPILER_GLOBAL_ACCENT_COLOR_NAME = AccentColor;
				CODE_SIGN_ENTITLEMENTS = macOS/macOS.entitlements;
				CODE_SIGN_STYLE = Automatic;
				COMBINE_HIDPI_IMAGES = YES;
				DEVELOPMENT_TEAM = UAF5HBHXWW;
				ENABLE_HARDENED_RUNTIME = YES;
				ENABLE_PREVIEWS = YES;
				INFOPLIST_FILE = macOS/Info.plist;
				LD_RUNPATH_SEARCH_PATHS = (
					"$(inherited)",
					"@executable_path/../Frameworks",
				);
				MACOSX_DEPLOYMENT_TARGET = 11.0;
				PRODUCT_BUNDLE_IDENTIFIER = "com.quonsepto.settings-demo";
				PRODUCT_NAME = SettingsMacOSDemo;
				SDKROOT = macosx;
				SWIFT_VERSION = 5.0;
			};
			name = Debug;
		};
		BEDF92B5266DE27200B40B30 /* Release */ = {
			isa = XCBuildConfiguration;
			buildSettings = {
				ASSETCATALOG_COMPILER_APPICON_NAME = AppIcon;
				ASSETCATALOG_COMPILER_GLOBAL_ACCENT_COLOR_NAME = AccentColor;
				CODE_SIGN_ENTITLEMENTS = macOS/macOS.entitlements;
				CODE_SIGN_STYLE = Automatic;
				COMBINE_HIDPI_IMAGES = YES;
				DEVELOPMENT_TEAM = UAF5HBHXWW;
				ENABLE_HARDENED_RUNTIME = YES;
				ENABLE_PREVIEWS = YES;
				INFOPLIST_FILE = macOS/Info.plist;
				LD_RUNPATH_SEARCH_PATHS = (
					"$(inherited)",
					"@executable_path/../Frameworks",
				);
				MACOSX_DEPLOYMENT_TARGET = 11.0;
				PRODUCT_BUNDLE_IDENTIFIER = "com.quonsepto.settings-demo";
				PRODUCT_NAME = SettingsMacOSDemo;
				SDKROOT = macosx;
				SWIFT_VERSION = 5.0;
			};
			name = Release;
		};
/* End XCBuildConfiguration section */

/* Begin XCConfigurationList section */
		BEDF9293266DE27000B40B30 /* Build configuration list for PBXProject "SettingsMacOSDemo" */ = {
			isa = XCConfigurationList;
			buildConfigurations = (
				BEDF92AE266DE27200B40B30 /* Debug */,
				BEDF92AF266DE27200B40B30 /* Release */,
			);
			defaultConfigurationIsVisible = 0;
			defaultConfigurationName = Release;
		};
		BEDF92B0266DE27200B40B30 /* Build configuration list for PBXNativeTarget "SettingsMacOSDemo (iOS)" */ = {
			isa = XCConfigurationList;
			buildConfigurations = (
				BEDF92B1266DE27200B40B30 /* Debug */,
				BEDF92B2266DE27200B40B30 /* Release */,
			);
			defaultConfigurationIsVisible = 0;
			defaultConfigurationName = Release;
		};
		BEDF92B3266DE27200B40B30 /* Build configuration list for PBXNativeTarget "SettingsMacOSDemo (macOS)" */ = {
			isa = XCConfigurationList;
			buildConfigurations = (
				BEDF92B4266DE27200B40B30 /* Debug */,
				BEDF92B5266DE27200B40B30 /* Release */,
			);
			defaultConfigurationIsVisible = 0;
			defaultConfigurationName = Release;
		};
/* End XCConfigurationList section */
	};
	rootObject = BEDF9290266DE27000B40B30 /* Project object */;
}
